
Microsoft Visual Studio Solution File, Format Version 12.00
# Visual Studio Version 17
VisualStudioVersion = 17.3.32804.467
MinimumVisualStudioVersion = 10.0.40219.1
Project("{FAE04EC0-301F-11D3-BF4B-00C04F79EFBC}") = "EShop.Models", "EShop.Models\EShop.Models.csproj", "{D19DF768-D392-4588-B92C-68B7EADB8FFD}"
EndProject
Project("{FAE04EC0-301F-11D3-BF4B-00C04F79EFBC}") = "EShop.Api", "EShop.Api\EShop.Api.csproj", "{03FA1324-FDAC-4B15-9A33-9D8D4C2F991E}"
EndProject
Project("{FAE04EC0-301F-11D3-BF4B-00C04F79EFBC}") = "EShop.Web", "EShop.Web\EShop.Web.csproj", "{4D9F47F0-5B9B-42EF-AB7C-E7C9571D6D3A}"
EndProject
Global
	GlobalSection(SolutionConfigurationPlatforms) = preSolution
		Debug|Any CPU = Debug|Any CPU
		Release|Any CPU = Release|Any CPU
	EndGlobalSection
	GlobalSection(ProjectConfigurationPlatforms) = postSolution
		{D19DF768-D392-4588-B92C-68B7EADB8FFD}.Debug|Any CPU.ActiveCfg = Debug|Any CPU
		{D19DF768-D392-4588-B92C-68B7EADB8FFD}.Debug|Any CPU.Build.0 = Debug|Any CPU
		{D19DF768-D392-4588-B92C-68B7EADB8FFD}.Release|Any CPU.ActiveCfg = Release|Any CPU
		{D19DF768-D392-4588-B92C-68B7EADB8FFD}.Release|Any CPU.Build.0 = Release|Any CPU
		{03FA1324-FDAC-4B15-9A33-9D8D4C2F991E}.Debug|Any CPU.ActiveCfg = Debug|Any CPU
		{03FA1324-FDAC-4B15-9A33-9D8D4C2F991E}.Debug|Any CPU.Build.0 = Debug|Any CPU
		{03FA1324-FDAC-4B15-9A33-9D8D4C2F991E}.Release|Any CPU.ActiveCfg = Release|Any CPU
		{03FA1324-FDAC-4B15-9A33-9D8D4C2F991E}.Release|Any CPU.Build.0 = Release|Any CPU
		{4D9F47F0-5B9B-42EF-AB7C-E7C9571D6D3A}.Debug|Any CPU.ActiveCfg = Debug|Any CPU
		{4D9F47F0-5B9B-42EF-AB7C-E7C9571D6D3A}.Debug|Any CPU.Build.0 = Debug|Any CPU
		{4D9F47F0-5B9B-42EF-AB7C-E7C9571D6D3A}.Release|Any CPU.ActiveCfg = Release|Any CPU
		{4D9F47F0-5B9B-42EF-AB7C-E7C9571D6D3A}.Release|Any CPU.Build.0 = Release|Any CPU
	EndGlobalSection
	GlobalSection(SolutionProperties) = preSolution
		HideSolutionNode = FALSE
	EndGlobalSection
	GlobalSection(ExtensibilityGlobals) = postSolution
		SolutionGuid = {FF20A1DD-9016-4980-B737-62189303F371}
	EndGlobalSection
EndGlobal
